
Microsoft Visual Studio Solution File, Format Version 12.00
# Visual Studio 2015
Project("{FAE04EC0-301F-11D3-BF4B-00C04F79EFBC}") = "game", "game.csproj", "{39A8CA35-4FCB-D207-C282-77036C101104}"
EndProject
Project("{FAE04EC0-301F-11D3-BF4B-00C04F79EFBC}") = "game.Editor", "game.Editor.csproj", "{B7B726C5-E06A-73AA-05FA-91D77F69F13A}"
EndProject
Global
	GlobalSection(SolutionConfigurationPlatforms) = preSolution
		Debug|Any CPU = Debug|Any CPU
		Release|Any CPU = Release|Any CPU
	EndGlobalSection
	GlobalSection(ProjectConfigurationPlatforms) = postSolution
		{39A8CA35-4FCB-D207-C282-77036C101104}.Debug|Any CPU.ActiveCfg = Debug|Any CPU
		{39A8CA35-4FCB-D207-C282-77036C101104}.Debug|Any CPU.Build.0 = Debug|Any CPU
		{39A8CA35-4FCB-D207-C282-77036C101104}.Release|Any CPU.ActiveCfg = Release|Any CPU
		{39A8CA35-4FCB-D207-C282-77036C101104}.Release|Any CPU.Build.0 = Release|Any CPU
		{B7B726C5-E06A-73AA-05FA-91D77F69F13A}.Debug|Any CPU.ActiveCfg = Debug|Any CPU
		{B7B726C5-E06A-73AA-05FA-91D77F69F13A}.Debug|Any CPU.Build.0 = Debug|Any CPU
		{B7B726C5-E06A-73AA-05FA-91D77F69F13A}.Release|Any CPU.ActiveCfg = Release|Any CPU
		{B7B726C5-E06A-73AA-05FA-91D77F69F13A}.Release|Any CPU.Build.0 = Release|Any CPU
	EndGlobalSection
	GlobalSection(SolutionProperties) = preSolution
		HideSolutionNode = FALSE
	EndGlobalSection
EndGlobal
